
Microsoft Visual Studio Solution File, Format Version 12.00
# Visual Studio Version 17
VisualStudioVersion = 17.4.33110.190
MinimumVisualStudioVersion = 10.0.40219.1
Project("{FAE04EC0-301F-11D3-BF4B-00C04F79EFBC}") = "StorageFunc", "StorageFunc\StorageFunc.csproj", "{610D1532-6827-49BD-90A4-F932402AC504}"
EndProject
Global
	GlobalSection(SolutionConfigurationPlatforms) = preSolution
		Debug|Any CPU = Debug|Any CPU
		Release|Any CPU = Release|Any CPU
	EndGlobalSection
	GlobalSection(ProjectConfigurationPlatforms) = postSolution
		{610D1532-6827-49BD-90A4-F932402AC504}.Debug|Any CPU.ActiveCfg = Debug|Any CPU
		{610D1532-6827-49BD-90A4-F932402AC504}.Debug|Any CPU.Build.0 = Debug|Any CPU
		{610D1532-6827-49BD-90A4-F932402AC504}.Release|Any CPU.ActiveCfg = Release|Any CPU
		{610D1532-6827-49BD-90A4-F932402AC504}.Release|Any CPU.Build.0 = Release|Any CPU
	EndGlobalSection
	GlobalSection(SolutionProperties) = preSolution
		HideSolutionNode = FALSE
	EndGlobalSection
	GlobalSection(ExtensibilityGlobals) = postSolution
		SolutionGuid = {1F0FB237-4C6F-4CCC-B71B-D6646EA98AE3}
	EndGlobalSection
EndGlobal
